
Microsoft Visual Studio Solution File, Format Version 12.00
# Visual Studio 15
VisualStudioVersion = 15.0.28307.329
MinimumVisualStudioVersion = 10.0.40219.1
Project("{9A19103F-16F7-4668-BE54-9A1E7A4F7556}") = "MightyLittleGeodesyTests", "MightyLittleGeodesyTests\MightyLittleGeodesyTests.csproj", "{809AE4C2-0334-42E7-A889-AAA3B1083AA1}"
EndProject
Project("{9A19103F-16F7-4668-BE54-9A1E7A4F7556}") = "MightyLittleGeodesy", "MightyLittleGeodesy\MightyLittleGeodesy.csproj", "{418ACB92-2063-4D6C-B56A-B0FF8DA89CAD}"
EndProject
Project("{2150E333-8FDC-42A3-9474-1A3956D46DE8}") = "Solution Items", "Solution Items", "{51A96629-4E4C-44E9-B217-F8D47DB3B1CD}"
	ProjectSection(SolutionItems) = preProject
		azure-pipelines.yml = azure-pipelines.yml
		README.md = README.md
	EndProjectSection
EndProject
Global
	GlobalSection(SolutionConfigurationPlatforms) = preSolution
		Debug|Any CPU = Debug|Any CPU
		Release|Any CPU = Release|Any CPU
	EndGlobalSection
	GlobalSection(ProjectConfigurationPlatforms) = postSolution
		{809AE4C2-0334-42E7-A889-AAA3B1083AA1}.Debug|Any CPU.ActiveCfg = Debug|Any CPU
		{809AE4C2-0334-42E7-A889-AAA3B1083AA1}.Debug|Any CPU.Build.0 = Debug|Any CPU
		{809AE4C2-0334-42E7-A889-AAA3B1083AA1}.Release|Any CPU.ActiveCfg = Release|Any CPU
		{809AE4C2-0334-42E7-A889-AAA3B1083AA1}.Release|Any CPU.Build.0 = Release|Any CPU
		{418ACB92-2063-4D6C-B56A-B0FF8DA89CAD}.Debug|Any CPU.ActiveCfg = Debug|Any CPU
		{418ACB92-2063-4D6C-B56A-B0FF8DA89CAD}.Debug|Any CPU.Build.0 = Debug|Any CPU
		{418ACB92-2063-4D6C-B56A-B0FF8DA89CAD}.Release|Any CPU.ActiveCfg = Release|Any CPU
		{418ACB92-2063-4D6C-B56A-B0FF8DA89CAD}.Release|Any CPU.Build.0 = Release|Any CPU
	EndGlobalSection
	GlobalSection(SolutionProperties) = preSolution
		HideSolutionNode = FALSE
	EndGlobalSection
	GlobalSection(ExtensibilityGlobals) = postSolution
		SolutionGuid = {A074A08D-DB4A-45E2-B413-4F3A8FB406C0}
	EndGlobalSection
	GlobalSection(TestCaseManagementSettings) = postSolution
		CategoryFile = CoordinateTransformation.vsmdi
	EndGlobalSection
EndGlobal
